// !$*UTF8*$!
{
	archiveVersion = 1;
	classes = {
	};
	objectVersion = 56;
	objects = {

/* Begin PBXBuildFile section */
		7F320DD32A80491800606132 /* ScreenTimeSelectAppsModel.swift in Sources */ = {isa = PBXBuildFile; fileRef = 7F320DD22A80491800606132 /* ScreenTimeSelectAppsModel.swift */; };
		7F320DD52A804A0B00606132 /* ScreenTimeSelectAppsContentView.swift in Sources */ = {isa = PBXBuildFile; fileRef = 7F320DD42A804A0B00606132 /* ScreenTimeSelectAppsContentView.swift */; };
		7F7B80A62A802A3C00B08344 /* ScreenTimeApi.swift in Sources */ = {isa = PBXBuildFile; fileRef = 7F7B80A52A802A3C00B08344 /* ScreenTimeApi.swift */; };
		7F88A1372A6B008400493DB8 /* SettingsVew.swift in Sources */ = {isa = PBXBuildFile; fileRef = 7F88A1362A6B008400493DB8 /* SettingsVew.swift */; };
		7F88A1392A6B009300493DB8 /* FavoritesView.swift in Sources */ = {isa = PBXBuildFile; fileRef = 7F88A1382A6B009300493DB8 /* FavoritesView.swift */; };
		7F994BC02A671AC8002BA54B /* BoredApp.swift in Sources */ = {isa = PBXBuildFile; fileRef = 7F994BBF2A671AC8002BA54B /* BoredApp.swift */; };
		7F994BC22A671AC8002BA54B /* ContentView.swift in Sources */ = {isa = PBXBuildFile; fileRef = 7F994BC12A671AC8002BA54B /* ContentView.swift */; };
		7F994BC42A671ACF002BA54B /* Assets.xcassets in Resources */ = {isa = PBXBuildFile; fileRef = 7F994BC32A671ACF002BA54B /* Assets.xcassets */; };
		7F994BC72A671ACF002BA54B /* Preview Assets.xcassets in Resources */ = {isa = PBXBuildFile; fileRef = 7F994BC62A671ACF002BA54B /* Preview Assets.xcassets */; };
		7FFE72ED2A69CFDD00354E7F /* BoredApiResponseModel.swift in Sources */ = {isa = PBXBuildFile; fileRef = 7FFE72EC2A69CFDD00354E7F /* BoredApiResponseModel.swift */; };
		7FFE72EF2A69D01600354E7F /* ViewModel.swift in Sources */ = {isa = PBXBuildFile; fileRef = 7FFE72EE2A69D01600354E7F /* ViewModel.swift */; };
/* End PBXBuildFile section */

/* Begin PBXFileReference section */
		7F320DD22A80491800606132 /* ScreenTimeSelectAppsModel.swift */ = {isa = PBXFileReference; lastKnownFileType = sourcecode.swift; path = ScreenTimeSelectAppsModel.swift; sourceTree = "<group>"; };
		7F320DD42A804A0B00606132 /* ScreenTimeSelectAppsContentView.swift */ = {isa = PBXFileReference; lastKnownFileType = sourcecode.swift; path = ScreenTimeSelectAppsContentView.swift; sourceTree = "<group>"; };
		7F7B80A52A802A3C00B08344 /* ScreenTimeApi.swift */ = {isa = PBXFileReference; lastKnownFileType = sourcecode.swift; path = ScreenTimeApi.swift; sourceTree = "<group>"; };
		7F7B80A72A802D8100B08344 /* Bored.entitlements */ = {isa = PBXFileReference; lastKnownFileType = text.plist.entitlements; path = Bored.entitlements; sourceTree = "<group>"; };
		7F88A1362A6B008400493DB8 /* SettingsVew.swift */ = {isa = PBXFileReference; lastKnownFileType = sourcecode.swift; path = SettingsVew.swift; sourceTree = "<group>"; };
		7F88A1382A6B009300493DB8 /* FavoritesView.swift */ = {isa = PBXFileReference; lastKnownFileType = sourcecode.swift; path = FavoritesView.swift; sourceTree = "<group>"; };
		7F994BBC2A671AC8002BA54B /* Bored.app */ = {isa = PBXFileReference; explicitFileType = wrapper.application; includeInIndex = 0; path = Bored.app; sourceTree = BUILT_PRODUCTS_DIR; };
		7F994BBF2A671AC8002BA54B /* BoredApp.swift */ = {isa = PBXFileReference; lastKnownFileType = sourcecode.swift; path = BoredApp.swift; sourceTree = "<group>"; };
		7F994BC12A671AC8002BA54B /* ContentView.swift */ = {isa = PBXFileReference; lastKnownFileType = sourcecode.swift; path = ContentView.swift; sourceTree = "<group>"; };
		7F994BC32A671ACF002BA54B /* Assets.xcassets */ = {isa = PBXFileReference; lastKnownFileType = folder.assetcatalog; path = Assets.xcassets; sourceTree = "<group>"; };
		7F994BC62A671ACF002BA54B /* Preview Assets.xcassets */ = {isa = PBXFileReference; lastKnownFileType = folder.assetcatalog; path = "Preview Assets.xcassets"; sourceTree = "<group>"; };
		7FFE72EC2A69CFDD00354E7F /* BoredApiResponseModel.swift */ = {isa = PBXFileReference; lastKnownFileType = sourcecode.swift; path = BoredApiResponseModel.swift; sourceTree = "<group>"; };
		7FFE72EE2A69D01600354E7F /* ViewModel.swift */ = {isa = PBXFileReference; lastKnownFileType = sourcecode.swift; path = ViewModel.swift; sourceTree = "<group>"; };
/* End PBXFileReference section */

/* Begin PBXFrameworksBuildPhase section */
		7F994BB92A671AC8002BA54B /* Frameworks */ = {
			isa = PBXFrameworksBuildPhase;
			buildActionMask = 2147483647;
			files = (
			);
			runOnlyForDeploymentPostprocessing = 0;
		};
/* End PBXFrameworksBuildPhase section */

/* Begin PBXGroup section */
		7F7B80A02A80259000B08344 /* Models */ = {
			isa = PBXGroup;
			children = (
				7FFE72EC2A69CFDD00354E7F /* BoredApiResponseModel.swift */,
				7F320DD22A80491800606132 /* ScreenTimeSelectAppsModel.swift */,
			);
			path = Models;
			sourceTree = "<group>";
		};
		7F7B80A12A8025AD00B08344 /* View Models */ = {
			isa = PBXGroup;
			children = (
				7FFE72EE2A69D01600354E7F /* ViewModel.swift */,
				7F7B80A22A8025EF00B08344 /* API & Services */,
			);
			path = "View Models";
			sourceTree = "<group>";
		};
		7F7B80A22A8025EF00B08344 /* API & Services */ = {
			isa = PBXGroup;
			children = (
				7F7B80A52A802A3C00B08344 /* ScreenTimeApi.swift */,
			);
			path = "API & Services";
			sourceTree = "<group>";
		};
		7F7B80A42A8026C200B08344 /* Views */ = {
			isa = PBXGroup;
			children = (
				7F994BC12A671AC8002BA54B /* ContentView.swift */,
				7F88A1362A6B008400493DB8 /* SettingsVew.swift */,
				7F88A1382A6B009300493DB8 /* FavoritesView.swift */,
				7F320DD42A804A0B00606132 /* ScreenTimeSelectAppsContentView.swift */,
			);
			path = Views;
			sourceTree = "<group>";
		};
		7F994BB32A671AC8002BA54B = {
			isa = PBXGroup;
			children = (
				7F7B80A02A80259000B08344 /* Models */,
				7F7B80A12A8025AD00B08344 /* View Models */,
				7F7B80A42A8026C200B08344 /* Views */,
				7F994BBE2A671AC8002BA54B /* Bored */,
				7F994BBD2A671AC8002BA54B /* Products */,
			);
			sourceTree = "<group>";
		};
		7F994BBD2A671AC8002BA54B /* Products */ = {
			isa = PBXGroup;
			children = (
				7F994BBC2A671AC8002BA54B /* Bored.app */,
			);
			name = Products;
			sourceTree = "<group>";
		};
		7F994BBE2A671AC8002BA54B /* Bored */ = {
			isa = PBXGroup;
			children = (
				7F7B80A72A802D8100B08344 /* Bored.entitlements */,
				7F994BBF2A671AC8002BA54B /* BoredApp.swift */,
				7F994BC32A671ACF002BA54B /* Assets.xcassets */,
				7F994BC52A671ACF002BA54B /* Preview Content */,
			);
			path = Bored;
			sourceTree = "<group>";
		};
		7F994BC52A671ACF002BA54B /* Preview Content */ = {
			isa = PBXGroup;
			children = (
				7F994BC62A671ACF002BA54B /* Preview Assets.xcassets */,
			);
			path = "Preview Content";
			sourceTree = "<group>";
		};
/* End PBXGroup section */

/* Begin PBXNativeTarget section */
		7F994BBB2A671AC8002BA54B /* Bored */ = {
			isa = PBXNativeTarget;
			buildConfigurationList = 7F994BCA2A671ACF002BA54B /* Build configuration list for PBXNativeTarget "Bored" */;
			buildPhases = (
				7F994BB82A671AC8002BA54B /* Sources */,
				7F994BB92A671AC8002BA54B /* Frameworks */,
				7F994BBA2A671AC8002BA54B /* Resources */,
			);
			buildRules = (
			);
			dependencies = (
			);
			name = Bored;
			productName = Bored;
			productReference = 7F994BBC2A671AC8002BA54B /* Bored.app */;
			productType = "com.apple.product-type.application";
		};
/* End PBXNativeTarget section */

/* Begin PBXProject section */
		7F994BB42A671AC8002BA54B /* Project object */ = {
			isa = PBXProject;
			attributes = {
				BuildIndependentTargetsInParallel = 1;
				LastSwiftUpdateCheck = 1430;
				LastUpgradeCheck = 1430;
				TargetAttributes = {
					7F994BBB2A671AC8002BA54B = {
						CreatedOnToolsVersion = 14.3.1;
					};
				};
			};
			buildConfigurationList = 7F994BB72A671AC8002BA54B /* Build configuration list for PBXProject "Bored" */;
			compatibilityVersion = "Xcode 14.0";
			developmentRegion = en;
			hasScannedForEncodings = 0;
			knownRegions = (
				en,
				Base,
			);
			mainGroup = 7F994BB32A671AC8002BA54B;
			productRefGroup = 7F994BBD2A671AC8002BA54B /* Products */;
			projectDirPath = "";
			projectRoot = "";
			targets = (
				7F994BBB2A671AC8002BA54B /* Bored */,
			);
		};
/* End PBXProject section */

/* Begin PBXResourcesBuildPhase section */
		7F994BBA2A671AC8002BA54B /* Resources */ = {
			isa = PBXResourcesBuildPhase;
			buildActionMask = 2147483647;
			files = (
				7F994BC72A671ACF002BA54B /* Preview Assets.xcassets in Resources */,
				7F994BC42A671ACF002BA54B /* Assets.xcassets in Resources */,
			);
			runOnlyForDeploymentPostprocessing = 0;
		};
/* End PBXResourcesBuildPhase section */

/* Begin PBXSourcesBuildPhase section */
		7F994BB82A671AC8002BA54B /* Sources */ = {
			isa = PBXSourcesBuildPhase;
			buildActionMask = 2147483647;
			files = (
				7FFE72ED2A69CFDD00354E7F /* BoredApiResponseModel.swift in Sources */,
				7F7B80A62A802A3C00B08344 /* ScreenTimeApi.swift in Sources */,
				7F994BC22A671AC8002BA54B /* ContentView.swift in Sources */,
				7F88A1392A6B009300493DB8 /* FavoritesView.swift in Sources */,
				7F320DD52A804A0B00606132 /* ScreenTimeSelectAppsContentView.swift in Sources */,
				7FFE72EF2A69D01600354E7F /* ViewModel.swift in Sources */,
				7F994BC02A671AC8002BA54B /* BoredApp.swift in Sources */,
				7F320DD32A80491800606132 /* ScreenTimeSelectAppsModel.swift in Sources */,
				7F88A1372A6B008400493DB8 /* SettingsVew.swift in Sources */,
			);
			runOnlyForDeploymentPostprocessing = 0;
		};
/* End PBXSourcesBuildPhase section */

/* Begin XCBuildConfiguration section */
		7F994BC82A671ACF002BA54B /* Debug */ = {
			isa = XCBuildConfiguration;
			buildSettings = {
				ALWAYS_SEARCH_USER_PATHS = NO;
				CLANG_ANALYZER_NONNULL = YES;
				CLANG_ANALYZER_NUMBER_OBJECT_CONVERSION = YES_AGGRESSIVE;
				CLANG_CXX_LANGUAGE_STANDARD = "gnu++20";
				CLANG_ENABLE_MODULES = YES;
				CLANG_ENABLE_OBJC_ARC = YES;
				CLANG_ENABLE_OBJC_WEAK = YES;
				CLANG_WARN_BLOCK_CAPTURE_AUTORELEASING = YES;
				CLANG_WARN_BOOL_CONVERSION = YES;
				CLANG_WARN_COMMA = YES;
				CLANG_WARN_CONSTANT_CONVERSION = YES;
				CLANG_WARN_DEPRECATED_OBJC_IMPLEMENTATIONS = YES;
				CLANG_WARN_DIRECT_OBJC_ISA_USAGE = YES_ERROR;
				CLANG_WARN_DOCUMENTATION_COMMENTS = YES;
				CLANG_WARN_EMPTY_BODY = YES;
				CLANG_WARN_ENUM_CONVERSION = YES;
				CLANG_WARN_INFINITE_RECURSION = YES;
				CLANG_WARN_INT_CONVERSION = YES;
				CLANG_WARN_NON_LITERAL_NULL_CONVERSION = YES;
				CLANG_WARN_OBJC_IMPLICIT_RETAIN_SELF = YES;
				CLANG_WARN_OBJC_LITERAL_CONVERSION = YES;
				CLANG_WARN_OBJC_ROOT_CLASS = YES_ERROR;
				CLANG_WARN_QUOTED_INCLUDE_IN_FRAMEWORK_HEADER = YES;
				CLANG_WARN_RANGE_LOOP_ANALYSIS = YES;
				CLANG_WARN_STRICT_PROTOTYPES = YES;
				CLANG_WARN_SUSPICIOUS_MOVE = YES;
				CLANG_WARN_UNGUARDED_AVAILABILITY = YES_AGGRESSIVE;
				CLANG_WARN_UNREACHABLE_CODE = YES;
				CLANG_WARN__DUPLICATE_METHOD_MATCH = YES;
				COPY_PHASE_STRIP = NO;
				DEBUG_INFORMATION_FORMAT = dwarf;
				ENABLE_STRICT_OBJC_MSGSEND = YES;
				ENABLE_TESTABILITY = YES;
				GCC_C_LANGUAGE_STANDARD = gnu11;
				GCC_DYNAMIC_NO_PIC = NO;
				GCC_NO_COMMON_BLOCKS = YES;
				GCC_OPTIMIZATION_LEVEL = 0;
				GCC_PREPROCESSOR_DEFINITIONS = (
					"DEBUG=1",
					"$(inherited)",
				);
				GCC_WARN_64_TO_32_BIT_CONVERSION = YES;
				GCC_WARN_ABOUT_RETURN_TYPE = YES_ERROR;
				GCC_WARN_UNDECLARED_SELECTOR = YES;
				GCC_WARN_UNINITIALIZED_AUTOS = YES_AGGRESSIVE;
				GCC_WARN_UNUSED_FUNCTION = YES;
				GCC_WARN_UNUSED_VARIABLE = YES;
				IPHONEOS_DEPLOYMENT_TARGET = 16.4;
				MTL_ENABLE_DEBUG_INFO = INCLUDE_SOURCE;
				MTL_FAST_MATH = YES;
				ONLY_ACTIVE_ARCH = YES;
				SDKROOT = iphoneos;
				SWIFT_ACTIVE_COMPILATION_CONDITIONS = DEBUG;
				SWIFT_OPTIMIZATION_LEVEL = "-Onone";
				SWIFT_VERSION = 5.0;
			};
			name = Debug;
		};
		7F994BC92A671ACF002BA54B /* Release */ = {
			isa = XCBuildConfiguration;
			buildSettings = {
				ALWAYS_SEARCH_USER_PATHS = NO;
				CLANG_ANALYZER_NONNULL = YES;
				CLANG_ANALYZER_NUMBER_OBJECT_CONVERSION = YES_AGGRESSIVE;
				CLANG_CXX_LANGUAGE_STANDARD = "gnu++20";
				CLANG_ENABLE_MODULES = YES;
				CLANG_ENABLE_OBJC_ARC = YES;
				CLANG_ENABLE_OBJC_WEAK = YES;
				CLANG_WARN_BLOCK_CAPTURE_AUTORELEASING = YES;
				CLANG_WARN_BOOL_CONVERSION = YES;
				CLANG_WARN_COMMA = YES;
				CLANG_WARN_CONSTANT_CONVERSION = YES;
				CLANG_WARN_DEPRECATED_OBJC_IMPLEMENTATIONS = YES;
				CLANG_WARN_DIRECT_OBJC_ISA_USAGE = YES_ERROR;
				CLANG_WARN_DOCUMENTATION_COMMENTS = YES;
				CLANG_WARN_EMPTY_BODY = YES;
				CLANG_WARN_ENUM_CONVERSION = YES;
				CLANG_WARN_INFINITE_RECURSION = YES;
				CLANG_WARN_INT_CONVERSION = YES;
				CLANG_WARN_NON_LITERAL_NULL_CONVERSION = YES;
				CLANG_WARN_OBJC_IMPLICIT_RETAIN_SELF = YES;
				CLANG_WARN_OBJC_LITERAL_CONVERSION = YES;
				CLANG_WARN_OBJC_ROOT_CLASS = YES_ERROR;
				CLANG_WARN_QUOTED_INCLUDE_IN_FRAMEWORK_HEADER = YES;
				CLANG_WARN_RANGE_LOOP_ANALYSIS = YES;
				CLANG_WARN_STRICT_PROTOTYPES = YES;
				CLANG_WARN_SUSPICIOUS_MOVE = YES;
				CLANG_WARN_UNGUARDED_AVAILABILITY = YES_AGGRESSIVE;
				CLANG_WARN_UNREACHABLE_CODE = YES;
				CLANG_WARN__DUPLICATE_METHOD_MATCH = YES;
				COPY_PHASE_STRIP = NO;
				DEBUG_INFORMATION_FORMAT = "dwarf-with-dsym";
				ENABLE_NS_ASSERTIONS = NO;
				ENABLE_STRICT_OBJC_MSGSEND = YES;
				GCC_C_LANGUAGE_STANDARD = gnu11;
				GCC_NO_COMMON_BLOCKS = YES;
				GCC_WARN_64_TO_32_BIT_CONVERSION = YES;
				GCC_WARN_ABOUT_RETURN_TYPE = YES_ERROR;
				GCC_WARN_UNDECLARED_SELECTOR = YES;
				GCC_WARN_UNINITIALIZED_AUTOS = YES_AGGRESSIVE;
				GCC_WARN_UNUSED_FUNCTION = YES;
				GCC_WARN_UNUSED_VARIABLE = YES;
				IPHONEOS_DEPLOYMENT_TARGET = 16.4;
				MTL_ENABLE_DEBUG_INFO = NO;
				MTL_FAST_MATH = YES;
				SDKROOT = iphoneos;
				SWIFT_COMPILATION_MODE = wholemodule;
				SWIFT_OPTIMIZATION_LEVEL = "-O";
				VALIDATE_PRODUCT = YES;
			};
			name = Release;
		};
		7F994BCB2A671ACF002BA54B /* Debug */ = {
			isa = XCBuildConfiguration;
			buildSettings = {
				ASSETCATALOG_COMPILER_APPICON_NAME = AppIcon;
				ASSETCATALOG_COMPILER_GLOBAL_ACCENT_COLOR_NAME = AccentColor;
				CODE_SIGN_ENTITLEMENTS = Bored/Bored.entitlements;
				CODE_SIGN_STYLE = Automatic;
				CURRENT_PROJECT_VERSION = 1;
				DEVELOPMENT_ASSET_PATHS = "\"Bored/Preview Content\"";
				DEVELOPMENT_TEAM = U97NB94VHF;
				ENABLE_PREVIEWS = YES;
				GENERATE_INFOPLIST_FILE = YES;
				INFOPLIST_KEY_UIApplicationSceneManifest_Generation = YES;
				INFOPLIST_KEY_UIApplicationSupportsIndirectInputEvents = YES;
				INFOPLIST_KEY_UILaunchScreen_Generation = YES;
				INFOPLIST_KEY_UISupportedInterfaceOrientations_iPad = "UIInterfaceOrientationPortrait UIInterfaceOrientationPortraitUpsideDown UIInterfaceOrientationLandscapeLeft UIInterfaceOrientationLandscapeRight";
				INFOPLIST_KEY_UISupportedInterfaceOrientations_iPhone = "UIInterfaceOrientationPortrait UIInterfaceOrientationLandscapeLeft UIInterfaceOrientationLandscapeRight";
				IPHONEOS_DEPLOYMENT_TARGET = 16.0;
				LD_RUNPATH_SEARCH_PATHS = (
					"$(inherited)",
					"@executable_path/Frameworks",
				);
				MARKETING_VERSION = 1.0;
				PRODUCT_BUNDLE_IDENTIFIER = aswitch.me.Bored;
				PRODUCT_NAME = "$(TARGET_NAME)";
				SWIFT_EMIT_LOC_STRINGS = YES;
				SWIFT_VERSION = 5.0;
				TARGETED_DEVICE_FAMILY = "1,2";
			};
			name = Debug;
		};
		7F994BCC2A671ACF002BA54B /* Release */ = {
			isa = XCBuildConfiguration;
			buildSettings = {
				ASSETCATALOG_COMPILER_APPICON_NAME = AppIcon;
				ASSETCATALOG_COMPILER_GLOBAL_ACCENT_COLOR_NAME = AccentColor;
				CODE_SIGN_ENTITLEMENTS = Bored/Bored.entitlements;
				CODE_SIGN_STYLE = Automatic;
				CURRENT_PROJECT_VERSION = 1;
				DEVELOPMENT_ASSET_PATHS = "\"Bored/Preview Content\"";
				DEVELOPMENT_TEAM = U97NB94VHF;
				ENABLE_PREVIEWS = YES;
				GENERATE_INFOPLIST_FILE = YES;
				INFOPLIST_KEY_UIApplicationSceneManifest_Generation = YES;
				INFOPLIST_KEY_UIApplicationSupportsIndirectInputEvents = YES;
				INFOPLIST_KEY_UILaunchScreen_Generation = YES;
				INFOPLIST_KEY_UISupportedInterfaceOrientations_iPad = "UIInterfaceOrientationPortrait UIInterfaceOrientationPortraitUpsideDown UIInterfaceOrientationLandscapeLeft UIInterfaceOrientationLandscapeRight";
				INFOPLIST_KEY_UISupportedInterfaceOrientations_iPhone = "UIInterfaceOrientationPortrait UIInterfaceOrientationLandscapeLeft UIInterfaceOrientationLandscapeRight";
				IPHONEOS_DEPLOYMENT_TARGET = 16.0;
				LD_RUNPATH_SEARCH_PATHS = (
					"$(inherited)",
					"@executable_path/Frameworks",
				);
				MARKETING_VERSION = 1.0;
				PRODUCT_BUNDLE_IDENTIFIER = aswitch.me.Bored;
				PRODUCT_NAME = "$(TARGET_NAME)";
				SWIFT_EMIT_LOC_STRINGS = YES;
				SWIFT_VERSION = 5.0;
				TARGETED_DEVICE_FAMILY = "1,2";
			};
			name = Release;
		};
/* End XCBuildConfiguration section */

/* Begin XCConfigurationList section */
		7F994BB72A671AC8002BA54B /* Build configuration list for PBXProject "Bored" */ = {
			isa = XCConfigurationList;
			buildConfigurations = (
				7F994BC82A671ACF002BA54B /* Debug */,
				7F994BC92A671ACF002BA54B /* Release */,
			);
			defaultConfigurationIsVisible = 0;
			defaultConfigurationName = Release;
		};
		7F994BCA2A671ACF002BA54B /* Build configuration list for PBXNativeTarget "Bored" */ = {
			isa = XCConfigurationList;
			buildConfigurations = (
				7F994BCB2A671ACF002BA54B /* Debug */,
				7F994BCC2A671ACF002BA54B /* Release */,
			);
			defaultConfigurationIsVisible = 0;
			defaultConfigurationName = Release;
		};
/* End XCConfigurationList section */
	};
	rootObject = 7F994BB42A671AC8002BA54B /* Project object */;
}
